
Microsoft Visual Studio Solution File, Format Version 12.00
# Visual Studio Version 17
VisualStudioVersion = 17.11.35222.181
MinimumVisualStudioVersion = 10.0.40219.1
Project("{9A19103F-16F7-4668-BE54-9A1E7A4F7556}") = "Clean Architecture", "Clean Architecture\Clean Architecture.csproj", "{C6C981FF-9643-4DE6-BF45-149C979D9307}"
EndProject
Project("{9A19103F-16F7-4668-BE54-9A1E7A4F7556}") = "Clean Architecture.Tests", "Clean Architecture.Tests\Clean Architecture.Tests.csproj", "{D1620EC2-39AA-4C73-97EC-195E1C926261}"
EndProject
Project("{FAE04EC0-301F-11D3-BF4B-00C04F79EFBC}") = "Auth", "Auth\Auth.csproj", "{A2E8D0BB-F4EE-477E-AA7B-17826D7EF7ED}"
EndProject
Global
	GlobalSection(SolutionConfigurationPlatforms) = preSolution
		Debug|Any CPU = Debug|Any CPU
		Release|Any CPU = Release|Any CPU
	EndGlobalSection
	GlobalSection(ProjectConfigurationPlatforms) = postSolution
		{C6C981FF-9643-4DE6-BF45-149C979D9307}.Debug|Any CPU.ActiveCfg = Debug|Any CPU
		{C6C981FF-9643-4DE6-BF45-149C979D9307}.Debug|Any CPU.Build.0 = Debug|Any CPU
		{C6C981FF-9643-4DE6-BF45-149C979D9307}.Release|Any CPU.ActiveCfg = Release|Any CPU
		{C6C981FF-9643-4DE6-BF45-149C979D9307}.Release|Any CPU.Build.0 = Release|Any CPU
		{D1620EC2-39AA-4C73-97EC-195E1C926261}.Debug|Any CPU.ActiveCfg = Debug|Any CPU
		{D1620EC2-39AA-4C73-97EC-195E1C926261}.Debug|Any CPU.Build.0 = Debug|Any CPU
		{D1620EC2-39AA-4C73-97EC-195E1C926261}.Release|Any CPU.ActiveCfg = Release|Any CPU
		{D1620EC2-39AA-4C73-97EC-195E1C926261}.Release|Any CPU.Build.0 = Release|Any CPU
		{A2E8D0BB-F4EE-477E-AA7B-17826D7EF7ED}.Debug|Any CPU.ActiveCfg = Debug|Any CPU
		{A2E8D0BB-F4EE-477E-AA7B-17826D7EF7ED}.Debug|Any CPU.Build.0 = Debug|Any CPU
		{A2E8D0BB-F4EE-477E-AA7B-17826D7EF7ED}.Release|Any CPU.ActiveCfg = Release|Any CPU
		{A2E8D0BB-F4EE-477E-AA7B-17826D7EF7ED}.Release|Any CPU.Build.0 = Release|Any CPU
	EndGlobalSection
	GlobalSection(SolutionProperties) = preSolution
		HideSolutionNode = FALSE
	EndGlobalSection
	GlobalSection(ExtensibilityGlobals) = postSolution
		SolutionGuid = {DF22ABF9-896C-4B12-AA5D-064C9329E95D}
	EndGlobalSection
EndGlobal
